
Microsoft Visual Studio Solution File, Format Version 12.00
# Visual Studio Version 17
VisualStudioVersion = 17.1.32407.343
MinimumVisualStudioVersion = 10.0.40219.1
Project("{9A19103F-16F7-4668-BE54-9A1E7A4F7556}") = "BusinessToDeveloper", "BusinessToDeveloper\BusinessToDeveloper.csproj", "{D2E36C89-D926-45B1-8F18-B3C60CCCAE6D}"
EndProject
Project("{9A19103F-16F7-4668-BE54-9A1E7A4F7556}") = "BusinessToDeveloper.Infrastructure", "BusinessToDeveloper.Infrastructure\BusinessToDeveloper.Infrastructure.csproj", "{C5571B25-33CC-4A07-A0F5-5527DDD86940}"
EndProject
Project("{9A19103F-16F7-4668-BE54-9A1E7A4F7556}") = "BusinessToDeveloper.Core", "BusinessToDeveloper.Core\BusinessToDeveloper.Core.csproj", "{6CAF7CE2-E2AE-47AE-A101-41CA8EE7035B}"
EndProject
Project("{FAE04EC0-301F-11D3-BF4B-00C04F79EFBC}") = "BusinessToDeveloper.Repositories", "BusinessToDeveloper.Repositories\BusinessToDeveloper.Repositories.csproj", "{65313E82-0E56-4414-BDDD-C87CD4B8B6B2}"
EndProject
Project("{FAE04EC0-301F-11D3-BF4B-00C04F79EFBC}") = "BusinessToDeveloper.Services", "BusinessToDeveloper.Services\BusinessToDeveloper.Services.csproj", "{2D15A4E9-B25F-48DD-8E3F-3A549ED83F8D}"
EndProject
Global
	GlobalSection(SolutionConfigurationPlatforms) = preSolution
		Debug|Any CPU = Debug|Any CPU
		Release|Any CPU = Release|Any CPU
	EndGlobalSection
	GlobalSection(ProjectConfigurationPlatforms) = postSolution
		{D2E36C89-D926-45B1-8F18-B3C60CCCAE6D}.Debug|Any CPU.ActiveCfg = Debug|Any CPU
		{D2E36C89-D926-45B1-8F18-B3C60CCCAE6D}.Debug|Any CPU.Build.0 = Debug|Any CPU
		{D2E36C89-D926-45B1-8F18-B3C60CCCAE6D}.Release|Any CPU.ActiveCfg = Release|Any CPU
		{D2E36C89-D926-45B1-8F18-B3C60CCCAE6D}.Release|Any CPU.Build.0 = Release|Any CPU
		{C5571B25-33CC-4A07-A0F5-5527DDD86940}.Debug|Any CPU.ActiveCfg = Debug|Any CPU
		{C5571B25-33CC-4A07-A0F5-5527DDD86940}.Debug|Any CPU.Build.0 = Debug|Any CPU
		{C5571B25-33CC-4A07-A0F5-5527DDD86940}.Release|Any CPU.ActiveCfg = Release|Any CPU
		{C5571B25-33CC-4A07-A0F5-5527DDD86940}.Release|Any CPU.Build.0 = Release|Any CPU
		{6CAF7CE2-E2AE-47AE-A101-41CA8EE7035B}.Debug|Any CPU.ActiveCfg = Debug|Any CPU
		{6CAF7CE2-E2AE-47AE-A101-41CA8EE7035B}.Debug|Any CPU.Build.0 = Debug|Any CPU
		{6CAF7CE2-E2AE-47AE-A101-41CA8EE7035B}.Release|Any CPU.ActiveCfg = Release|Any CPU
		{6CAF7CE2-E2AE-47AE-A101-41CA8EE7035B}.Release|Any CPU.Build.0 = Release|Any CPU
		{65313E82-0E56-4414-BDDD-C87CD4B8B6B2}.Debug|Any CPU.ActiveCfg = Debug|Any CPU
		{65313E82-0E56-4414-BDDD-C87CD4B8B6B2}.Debug|Any CPU.Build.0 = Debug|Any CPU
		{65313E82-0E56-4414-BDDD-C87CD4B8B6B2}.Release|Any CPU.ActiveCfg = Release|Any CPU
		{65313E82-0E56-4414-BDDD-C87CD4B8B6B2}.Release|Any CPU.Build.0 = Release|Any CPU
		{2D15A4E9-B25F-48DD-8E3F-3A549ED83F8D}.Debug|Any CPU.ActiveCfg = Debug|Any CPU
		{2D15A4E9-B25F-48DD-8E3F-3A549ED83F8D}.Debug|Any CPU.Build.0 = Debug|Any CPU
		{2D15A4E9-B25F-48DD-8E3F-3A549ED83F8D}.Release|Any CPU.ActiveCfg = Release|Any CPU
		{2D15A4E9-B25F-48DD-8E3F-3A549ED83F8D}.Release|Any CPU.Build.0 = Release|Any CPU
	EndGlobalSection
	GlobalSection(SolutionProperties) = preSolution
		HideSolutionNode = FALSE
	EndGlobalSection
	GlobalSection(ExtensibilityGlobals) = postSolution
		SolutionGuid = {EE68A284-D670-4459-87FF-34A2812CF14A}
	EndGlobalSection
EndGlobal
